
Microsoft Visual Studio Solution File, Format Version 12.00
# Visual Studio 15
VisualStudioVersion = 15.0.27428.1
MinimumVisualStudioVersion = 10.0.40219.1
Project("{FAE04EC0-301F-11D3-BF4B-00C04F79EFBC}") = "MyNewAppLesson", "MyNewAppLesson\MyNewAppLesson.csproj", "{45EECE2D-E309-4D72-A0EB-33CFBCB7DD4C}"
EndProject
Project("{FAE04EC0-301F-11D3-BF4B-00C04F79EFBC}") = "ThreadLesson", "ThreadLesson\ThreadLesson.csproj", "{817999BE-CD8D-46C8-A174-29D606C0ADA4}"
EndProject
Project("{FAE04EC0-301F-11D3-BF4B-00C04F79EFBC}") = "ParameterizedThreadStart", "ParameterizedThreadStart\ParameterizedThreadStart.csproj", "{E2107E49-A7C7-4263-8C5C-9A670A7E4042}"
EndProject
Project("{FAE04EC0-301F-11D3-BF4B-00C04F79EFBC}") = "Thread_Synchronization", "Thread_Synchronization\Thread_Synchronization.csproj", "{7C7C8905-F4F7-425F-B858-78E191232B55}"
EndProject
Project("{FAE04EC0-301F-11D3-BF4B-00C04F79EFBC}") = "Monitor", "Monitor\Monitor.csproj", "{1CCB2219-BEFF-4CA1-A8DC-CB29A649CEDE}"
EndProject
Project("{FAE04EC0-301F-11D3-BF4B-00C04F79EFBC}") = "ClassAutoResetEvent", "ClassAutoResetEvent\ClassAutoResetEvent.csproj", "{3C5A3192-4D20-4945-ACDA-2E506E82AB13}"
EndProject
Project("{FAE04EC0-301F-11D3-BF4B-00C04F79EFBC}") = "ClassMutex", "ClassMutex\ClassMutex.csproj", "{A934EF27-1124-484D-83EC-FB5307185509}"
EndProject
Global
	GlobalSection(SolutionConfigurationPlatforms) = preSolution
		Debug|Any CPU = Debug|Any CPU
		Release|Any CPU = Release|Any CPU
	EndGlobalSection
	GlobalSection(ProjectConfigurationPlatforms) = postSolution
		{45EECE2D-E309-4D72-A0EB-33CFBCB7DD4C}.Debug|Any CPU.ActiveCfg = Debug|Any CPU
		{45EECE2D-E309-4D72-A0EB-33CFBCB7DD4C}.Debug|Any CPU.Build.0 = Debug|Any CPU
		{45EECE2D-E309-4D72-A0EB-33CFBCB7DD4C}.Release|Any CPU.ActiveCfg = Release|Any CPU
		{45EECE2D-E309-4D72-A0EB-33CFBCB7DD4C}.Release|Any CPU.Build.0 = Release|Any CPU
		{817999BE-CD8D-46C8-A174-29D606C0ADA4}.Debug|Any CPU.ActiveCfg = Debug|Any CPU
		{817999BE-CD8D-46C8-A174-29D606C0ADA4}.Debug|Any CPU.Build.0 = Debug|Any CPU
		{817999BE-CD8D-46C8-A174-29D606C0ADA4}.Release|Any CPU.ActiveCfg = Release|Any CPU
		{817999BE-CD8D-46C8-A174-29D606C0ADA4}.Release|Any CPU.Build.0 = Release|Any CPU
		{E2107E49-A7C7-4263-8C5C-9A670A7E4042}.Debug|Any CPU.ActiveCfg = Debug|Any CPU
		{E2107E49-A7C7-4263-8C5C-9A670A7E4042}.Debug|Any CPU.Build.0 = Debug|Any CPU
		{E2107E49-A7C7-4263-8C5C-9A670A7E4042}.Release|Any CPU.ActiveCfg = Release|Any CPU
		{E2107E49-A7C7-4263-8C5C-9A670A7E4042}.Release|Any CPU.Build.0 = Release|Any CPU
		{7C7C8905-F4F7-425F-B858-78E191232B55}.Debug|Any CPU.ActiveCfg = Debug|Any CPU
		{7C7C8905-F4F7-425F-B858-78E191232B55}.Debug|Any CPU.Build.0 = Debug|Any CPU
		{7C7C8905-F4F7-425F-B858-78E191232B55}.Release|Any CPU.ActiveCfg = Release|Any CPU
		{7C7C8905-F4F7-425F-B858-78E191232B55}.Release|Any CPU.Build.0 = Release|Any CPU
		{1CCB2219-BEFF-4CA1-A8DC-CB29A649CEDE}.Debug|Any CPU.ActiveCfg = Debug|Any CPU
		{1CCB2219-BEFF-4CA1-A8DC-CB29A649CEDE}.Debug|Any CPU.Build.0 = Debug|Any CPU
		{1CCB2219-BEFF-4CA1-A8DC-CB29A649CEDE}.Release|Any CPU.ActiveCfg = Release|Any CPU
		{1CCB2219-BEFF-4CA1-A8DC-CB29A649CEDE}.Release|Any CPU.Build.0 = Release|Any CPU
		{3C5A3192-4D20-4945-ACDA-2E506E82AB13}.Debug|Any CPU.ActiveCfg = Debug|Any CPU
		{3C5A3192-4D20-4945-ACDA-2E506E82AB13}.Debug|Any CPU.Build.0 = Debug|Any CPU
		{3C5A3192-4D20-4945-ACDA-2E506E82AB13}.Release|Any CPU.ActiveCfg = Release|Any CPU
		{3C5A3192-4D20-4945-ACDA-2E506E82AB13}.Release|Any CPU.Build.0 = Release|Any CPU
		{A934EF27-1124-484D-83EC-FB5307185509}.Debug|Any CPU.ActiveCfg = Debug|Any CPU
		{A934EF27-1124-484D-83EC-FB5307185509}.Debug|Any CPU.Build.0 = Debug|Any CPU
		{A934EF27-1124-484D-83EC-FB5307185509}.Release|Any CPU.ActiveCfg = Release|Any CPU
		{A934EF27-1124-484D-83EC-FB5307185509}.Release|Any CPU.Build.0 = Release|Any CPU
	EndGlobalSection
	GlobalSection(SolutionProperties) = preSolution
		HideSolutionNode = FALSE
	EndGlobalSection
	GlobalSection(ExtensibilityGlobals) = postSolution
		SolutionGuid = {D8241075-FB06-4142-ACB3-D8BEFC236CC9}
	EndGlobalSection
EndGlobal
